
Microsoft Visual Studio Solution File, Format Version 12.00
# Visual Studio Version 16
VisualStudioVersion = 16.0.810.9
MinimumVisualStudioVersion = 10.0.40219.1
Project("{FAE04EC0-301F-11D3-BF4B-00C04F79EFBC}") = "Client", "Client\Client.csproj", "{DB6B07A5-8BC2-4917-9633-A5A04124B665}"
EndProject
Project("{FAE04EC0-301F-11D3-BF4B-00C04F79EFBC}") = "Server", "Server\Server.csproj", "{0A5D2987-B979-4345-9FC9-0D7D690E375D}"
EndProject
Project("{2150E333-8FDC-42A3-9474-1A3956D46DE8}") = "Client", "Client", "{7C5F4FE9-AB0B-4CF5-A71D-8AD5B10F9B63}"
EndProject
Project("{2150E333-8FDC-42A3-9474-1A3956D46DE8}") = "Server", "Server", "{30A8525D-622F-41DD-9A4B-A98FDEE15AC8}"
EndProject
Project("{2150E333-8FDC-42A3-9474-1A3956D46DE8}") = "Common", "Common", "{38D77AC1-BE52-464A-B080-7D648DF9F798}"
EndProject
Project("{FAE04EC0-301F-11D3-BF4B-00C04F79EFBC}") = "Protocol", "Protocol\Protocol.csproj", "{2275E11C-6603-4FA0-BBA9-DDDE42E93434}"
EndProject
Project("{FAE04EC0-301F-11D3-BF4B-00C04F79EFBC}") = "Server.DataAccess", "Server\Server.DataAccess\Server.DataAccess.csproj", "{28529305-6D1E-4B22-AD39-2BCE6B2B6C81}"
EndProject
Project("{FAE04EC0-301F-11D3-BF4B-00C04F79EFBC}") = "Server.Domain", "Server\Server.Domain\Server.Domain.csproj", "{4BFD23E3-FF69-4462-9041-8EDFD8029F69}"
EndProject
Project("{FAE04EC0-301F-11D3-BF4B-00C04F79EFBC}") = "DTOs", "Protocol\DTOs\DTOs.csproj", "{A4FDB59F-86AA-4DB8-8824-3CA794934AD3}"
EndProject
Project("{FAE04EC0-301F-11D3-BF4B-00C04F79EFBC}") = "Exceptions", "Protocol\Exceptions\Exceptions.csproj", "{BCC89C8A-B750-4804-8D0C-6F7E2828BE8F}"
EndProject
Global
	GlobalSection(SolutionConfigurationPlatforms) = preSolution
		Debug|Any CPU = Debug|Any CPU
		Release|Any CPU = Release|Any CPU
	EndGlobalSection
	GlobalSection(ProjectConfigurationPlatforms) = postSolution
		{DB6B07A5-8BC2-4917-9633-A5A04124B665}.Debug|Any CPU.ActiveCfg = Debug|Any CPU
		{DB6B07A5-8BC2-4917-9633-A5A04124B665}.Debug|Any CPU.Build.0 = Debug|Any CPU
		{DB6B07A5-8BC2-4917-9633-A5A04124B665}.Release|Any CPU.ActiveCfg = Release|Any CPU
		{DB6B07A5-8BC2-4917-9633-A5A04124B665}.Release|Any CPU.Build.0 = Release|Any CPU
		{0A5D2987-B979-4345-9FC9-0D7D690E375D}.Debug|Any CPU.ActiveCfg = Debug|Any CPU
		{0A5D2987-B979-4345-9FC9-0D7D690E375D}.Debug|Any CPU.Build.0 = Debug|Any CPU
		{0A5D2987-B979-4345-9FC9-0D7D690E375D}.Release|Any CPU.ActiveCfg = Release|Any CPU
		{0A5D2987-B979-4345-9FC9-0D7D690E375D}.Release|Any CPU.Build.0 = Release|Any CPU
		{2275E11C-6603-4FA0-BBA9-DDDE42E93434}.Debug|Any CPU.ActiveCfg = Debug|Any CPU
		{2275E11C-6603-4FA0-BBA9-DDDE42E93434}.Debug|Any CPU.Build.0 = Debug|Any CPU
		{2275E11C-6603-4FA0-BBA9-DDDE42E93434}.Release|Any CPU.ActiveCfg = Release|Any CPU
		{2275E11C-6603-4FA0-BBA9-DDDE42E93434}.Release|Any CPU.Build.0 = Release|Any CPU
		{28529305-6D1E-4B22-AD39-2BCE6B2B6C81}.Debug|Any CPU.ActiveCfg = Debug|Any CPU
		{28529305-6D1E-4B22-AD39-2BCE6B2B6C81}.Debug|Any CPU.Build.0 = Debug|Any CPU
		{28529305-6D1E-4B22-AD39-2BCE6B2B6C81}.Release|Any CPU.ActiveCfg = Release|Any CPU
		{28529305-6D1E-4B22-AD39-2BCE6B2B6C81}.Release|Any CPU.Build.0 = Release|Any CPU
		{4BFD23E3-FF69-4462-9041-8EDFD8029F69}.Debug|Any CPU.ActiveCfg = Debug|Any CPU
		{4BFD23E3-FF69-4462-9041-8EDFD8029F69}.Debug|Any CPU.Build.0 = Debug|Any CPU
		{4BFD23E3-FF69-4462-9041-8EDFD8029F69}.Release|Any CPU.ActiveCfg = Release|Any CPU
		{4BFD23E3-FF69-4462-9041-8EDFD8029F69}.Release|Any CPU.Build.0 = Release|Any CPU
		{A4FDB59F-86AA-4DB8-8824-3CA794934AD3}.Debug|Any CPU.ActiveCfg = Debug|Any CPU
		{A4FDB59F-86AA-4DB8-8824-3CA794934AD3}.Debug|Any CPU.Build.0 = Debug|Any CPU
		{A4FDB59F-86AA-4DB8-8824-3CA794934AD3}.Release|Any CPU.ActiveCfg = Release|Any CPU
		{A4FDB59F-86AA-4DB8-8824-3CA794934AD3}.Release|Any CPU.Build.0 = Release|Any CPU
		{BCC89C8A-B750-4804-8D0C-6F7E2828BE8F}.Debug|Any CPU.ActiveCfg = Debug|Any CPU
		{BCC89C8A-B750-4804-8D0C-6F7E2828BE8F}.Debug|Any CPU.Build.0 = Debug|Any CPU
		{BCC89C8A-B750-4804-8D0C-6F7E2828BE8F}.Release|Any CPU.ActiveCfg = Release|Any CPU
		{BCC89C8A-B750-4804-8D0C-6F7E2828BE8F}.Release|Any CPU.Build.0 = Release|Any CPU
	EndGlobalSection
	GlobalSection(SolutionProperties) = preSolution
		HideSolutionNode = FALSE
	EndGlobalSection
	GlobalSection(ExtensibilityGlobals) = postSolution
		SolutionGuid = {ADFCA85C-54E9-4738-A17F-760AFEFAC022}
	EndGlobalSection
	GlobalSection(NestedProjects) = preSolution
		{DB6B07A5-8BC2-4917-9633-A5A04124B665} = {7C5F4FE9-AB0B-4CF5-A71D-8AD5B10F9B63}
		{0A5D2987-B979-4345-9FC9-0D7D690E375D} = {30A8525D-622F-41DD-9A4B-A98FDEE15AC8}
		{2275E11C-6603-4FA0-BBA9-DDDE42E93434} = {38D77AC1-BE52-464A-B080-7D648DF9F798}
		{28529305-6D1E-4B22-AD39-2BCE6B2B6C81} = {30A8525D-622F-41DD-9A4B-A98FDEE15AC8}
		{4BFD23E3-FF69-4462-9041-8EDFD8029F69} = {30A8525D-622F-41DD-9A4B-A98FDEE15AC8}
		{A4FDB59F-86AA-4DB8-8824-3CA794934AD3} = {38D77AC1-BE52-464A-B080-7D648DF9F798}
		{BCC89C8A-B750-4804-8D0C-6F7E2828BE8F} = {38D77AC1-BE52-464A-B080-7D648DF9F798}
	EndGlobalSection
EndGlobal
